
Microsoft Visual Studio Solution File, Format Version 12.00
# Visual Studio Version 16
VisualStudioVersion = 16.0.31205.134
MinimumVisualStudioVersion = 10.0.40219.1
Project("{FAE04EC0-301F-11D3-BF4B-00C04F79EFBC}") = "WebApi", "WebApi\WebApi.csproj", "{27E7BA8F-EB89-48BD-BFDB-9626E7F3E946}"
EndProject
Global
	GlobalSection(SolutionConfigurationPlatforms) = preSolution
		Debug|Any CPU = Debug|Any CPU
		Release|Any CPU = Release|Any CPU
	EndGlobalSection
	GlobalSection(ProjectConfigurationPlatforms) = postSolution
		{27E7BA8F-EB89-48BD-BFDB-9626E7F3E946}.Debug|Any CPU.ActiveCfg = Debug|Any CPU
		{27E7BA8F-EB89-48BD-BFDB-9626E7F3E946}.Debug|Any CPU.Build.0 = Debug|Any CPU
		{27E7BA8F-EB89-48BD-BFDB-9626E7F3E946}.Release|Any CPU.ActiveCfg = Release|Any CPU
		{27E7BA8F-EB89-48BD-BFDB-9626E7F3E946}.Release|Any CPU.Build.0 = Release|Any CPU
	EndGlobalSection
	GlobalSection(SolutionProperties) = preSolution
		HideSolutionNode = FALSE
	EndGlobalSection
	GlobalSection(ExtensibilityGlobals) = postSolution
		SolutionGuid = {31AE1773-B02B-4806-809E-72190E7E63FD}
	EndGlobalSection
EndGlobal
